// !$*UTF8*$!
{
	archiveVersion = 1;
	classes = {
	};
	objectVersion = 50;
	objects = {

/* Begin PBXBuildFile section */
		8FE352A7239EE2340060156C /* AppDelegate.swift in Sources */ = {isa = PBXBuildFile; fileRef = 8FE352A6239EE2340060156C /* AppDelegate.swift */; };
		8FE352A9239EE2340060156C /* SceneDelegate.swift in Sources */ = {isa = PBXBuildFile; fileRef = 8FE352A8239EE2340060156C /* SceneDelegate.swift */; };
		8FE352AB239EE2340060156C /* ViewController.swift in Sources */ = {isa = PBXBuildFile; fileRef = 8FE352AA239EE2340060156C /* ViewController.swift */; };
		8FE352AE239EE2340060156C /* Main.storyboard in Resources */ = {isa = PBXBuildFile; fileRef = 8FE352AC239EE2340060156C /* Main.storyboard */; };
		8FE352B1239EE2340060156C /* Leftover.xcdatamodeld in Sources */ = {isa = PBXBuildFile; fileRef = 8FE352AF239EE2340060156C /* Leftover.xcdatamodeld */; };
		8FE352B3239EE2360060156C /* Assets.xcassets in Resources */ = {isa = PBXBuildFile; fileRef = 8FE352B2239EE2360060156C /* Assets.xcassets */; };
		8FE352B6239EE2360060156C /* LaunchScreen.storyboard in Resources */ = {isa = PBXBuildFile; fileRef = 8FE352B4239EE2360060156C /* LaunchScreen.storyboard */; };
/* End PBXBuildFile section */

/* Begin PBXFileReference section */
		8FE352A3239EE2340060156C /* Leftover.app */ = {isa = PBXFileReference; explicitFileType = wrapper.application; includeInIndex = 0; path = Leftover.app; sourceTree = BUILT_PRODUCTS_DIR; };
		8FE352A6239EE2340060156C /* AppDelegate.swift */ = {isa = PBXFileReference; lastKnownFileType = sourcecode.swift; path = AppDelegate.swift; sourceTree = "<group>"; };
		8FE352A8239EE2340060156C /* SceneDelegate.swift */ = {isa = PBXFileReference; lastKnownFileType = sourcecode.swift; path = SceneDelegate.swift; sourceTree = "<group>"; };
		8FE352AA239EE2340060156C /* ViewController.swift */ = {isa = PBXFileReference; lastKnownFileType = sourcecode.swift; path = ViewController.swift; sourceTree = "<group>"; };
		8FE352AD239EE2340060156C /* Base */ = {isa = PBXFileReference; lastKnownFileType = file.storyboard; name = Base; path = Base.lproj/Main.storyboard; sourceTree = "<group>"; };
		8FE352B0239EE2340060156C /* Leftover.xcdatamodel */ = {isa = PBXFileReference; lastKnownFileType = wrapper.xcdatamodel; path = Leftover.xcdatamodel; sourceTree = "<group>"; };
		8FE352B2239EE2360060156C /* Assets.xcassets */ = {isa = PBXFileReference; lastKnownFileType = folder.assetcatalog; path = Assets.xcassets; sourceTree = "<group>"; };
		8FE352B5239EE2360060156C /* Base */ = {isa = PBXFileReference; lastKnownFileType = file.storyboard; name = Base; path = Base.lproj/LaunchScreen.storyboard; sourceTree = "<group>"; };
		8FE352B7239EE2360060156C /* Info.plist */ = {isa = PBXFileReference; lastKnownFileType = text.plist.xml; path = Info.plist; sourceTree = "<group>"; };
/* End PBXFileReference section */

/* Begin PBXFrameworksBuildPhase section */
		8FE352A0239EE2340060156C /* Frameworks */ = {
			isa = PBXFrameworksBuildPhase;
			buildActionMask = 2147483647;
			files = (
			);
			runOnlyForDeploymentPostprocessing = 0;
		};
/* End PBXFrameworksBuildPhase section */

/* Begin PBXGroup section */
		8FE3529A239EE2340060156C = {
			isa = PBXGroup;
			children = (
				8FE352A5239EE2340060156C /* Leftover */,
				8FE352A4239EE2340060156C /* Products */,
			);
			sourceTree = "<group>";
		};
		8FE352A4239EE2340060156C /* Products */ = {
			isa = PBXGroup;
			children = (
				8FE352A3239EE2340060156C /* Leftover.app */,
			);
			name = Products;
			sourceTree = "<group>";
		};
		8FE352A5239EE2340060156C /* Leftover */ = {
			isa = PBXGroup;
			children = (
				8FE352A6239EE2340060156C /* AppDelegate.swift */,
				8FE352A8239EE2340060156C /* SceneDelegate.swift */,
				8FE352AA239EE2340060156C /* ViewController.swift */,
				8FE352AC239EE2340060156C /* Main.storyboard */,
				8FE352B2239EE2360060156C /* Assets.xcassets */,
				8FE352B4239EE2360060156C /* LaunchScreen.storyboard */,
				8FE352B7239EE2360060156C /* Info.plist */,
				8FE352AF239EE2340060156C /* Leftover.xcdatamodeld */,
			);
			path = Leftover;
			sourceTree = "<group>";
		};
/* End PBXGroup section */

/* Begin PBXNativeTarget section */
		8FE352A2239EE2340060156C /* Leftover */ = {
			isa = PBXNativeTarget;
			buildConfigurationList = 8FE352BA239EE2360060156C /* Build configuration list for PBXNativeTarget "Leftover" */;
			buildPhases = (
				8FE3529F239EE2340060156C /* Sources */,
				8FE352A0239EE2340060156C /* Frameworks */,
				8FE352A1239EE2340060156C /* Resources */,
			);
			buildRules = (
			);
			dependencies = (
			);
			name = Leftover;
			productName = Leftover;
			productReference = 8FE352A3239EE2340060156C /* Leftover.app */;
			productType = "com.apple.product-type.application";
		};
/* End PBXNativeTarget section */

/* Begin PBXProject section */
		8FE3529B239EE2340060156C /* Project object */ = {
			isa = PBXProject;
			attributes = {
				LastSwiftUpdateCheck = 1110;
				LastUpgradeCheck = 1110;
				ORGANIZATIONNAME = Diana;
				TargetAttributes = {
					8FE352A2239EE2340060156C = {
						CreatedOnToolsVersion = 11.1;
					};
				};
			};
			buildConfigurationList = 8FE3529E239EE2340060156C /* Build configuration list for PBXProject "Leftover" */;
			compatibilityVersion = "Xcode 9.3";
			developmentRegion = en;
			hasScannedForEncodings = 0;
			knownRegions = (
				en,
				Base,
			);
			mainGroup = 8FE3529A239EE2340060156C;
			productRefGroup = 8FE352A4239EE2340060156C /* Products */;
			projectDirPath = "";
			projectRoot = "";
			targets = (
				8FE352A2239EE2340060156C /* Leftover */,
			);
		};
/* End PBXProject section */

/* Begin PBXResourcesBuildPhase section */
		8FE352A1239EE2340060156C /* Resources */ = {
			isa = PBXResourcesBuildPhase;
			buildActionMask = 2147483647;
			files = (
				8FE352B6239EE2360060156C /* LaunchScreen.storyboard in Resources */,
				8FE352B3239EE2360060156C /* Assets.xcassets in Resources */,
				8FE352AE239EE2340060156C /* Main.storyboard in Resources */,
			);
			runOnlyForDeploymentPostprocessing = 0;
		};
/* End PBXResourcesBuildPhase section */

/* Begin PBXSourcesBuildPhase section */
		8FE3529F239EE2340060156C /* Sources */ = {
			isa = PBXSourcesBuildPhase;
			buildActionMask = 2147483647;
			files = (
				8FE352B1239EE2340060156C /* Leftover.xcdatamodeld in Sources */,
				8FE352AB239EE2340060156C /* ViewController.swift in Sources */,
				8FE352A7239EE2340060156C /* AppDelegate.swift in Sources */,
				8FE352A9239EE2340060156C /* SceneDelegate.swift in Sources */,
			);
			runOnlyForDeploymentPostprocessing = 0;
		};
/* End PBXSourcesBuildPhase section */

/* Begin PBXVariantGroup section */
		8FE352AC239EE2340060156C /* Main.storyboard */ = {
			isa = PBXVariantGroup;
			children = (
				8FE352AD239EE2340060156C /* Base */,
			);
			name = Main.storyboard;
			sourceTree = "<group>";
		};
		8FE352B4239EE2360060156C /* LaunchScreen.storyboard */ = {
			isa = PBXVariantGroup;
			children = (
				8FE352B5239EE2360060156C /* Base */,
			);
			name = LaunchScreen.storyboard;
			sourceTree = "<group>";
		};
/* End PBXVariantGroup section */

/* Begin XCBuildConfiguration section */
		8FE352B8239EE2360060156C /* Debug */ = {
			isa = XCBuildConfiguration;
			buildSettings = {
				ALWAYS_SEARCH_USER_PATHS = NO;
				CLANG_ANALYZER_NONNULL = YES;
				CLANG_ANALYZER_NUMBER_OBJECT_CONVERSION = YES_AGGRESSIVE;
				CLANG_CXX_LANGUAGE_STANDARD = "gnu++14";
				CLANG_CXX_LIBRARY = "libc++";
				CLANG_ENABLE_MODULES = YES;
				CLANG_ENABLE_OBJC_ARC = YES;
				CLANG_ENABLE_OBJC_WEAK = YES;
				CLANG_WARN_BLOCK_CAPTURE_AUTORELEASING = YES;
				CLANG_WARN_BOOL_CONVERSION = YES;
				CLANG_WARN_COMMA = YES;
				CLANG_WARN_CONSTANT_CONVERSION = YES;
				CLANG_WARN_DEPRECATED_OBJC_IMPLEMENTATIONS = YES;
				CLANG_WARN_DIRECT_OBJC_ISA_USAGE = YES_ERROR;
				CLANG_WARN_DOCUMENTATION_COMMENTS = YES;
				CLANG_WARN_EMPTY_BODY = YES;
				CLANG_WARN_ENUM_CONVERSION = YES;
				CLANG_WARN_INFINITE_RECURSION = YES;
				CLANG_WARN_INT_CONVERSION = YES;
				CLANG_WARN_NON_LITERAL_NULL_CONVERSION = YES;
				CLANG_WARN_OBJC_IMPLICIT_RETAIN_SELF = YES;
				CLANG_WARN_OBJC_LITERAL_CONVERSION = YES;
				CLANG_WARN_OBJC_ROOT_CLASS = YES_ERROR;
				CLANG_WARN_RANGE_LOOP_ANALYSIS = YES;
				CLANG_WARN_STRICT_PROTOTYPES = YES;
				CLANG_WARN_SUSPICIOUS_MOVE = YES;
				CLANG_WARN_UNGUARDED_AVAILABILITY = YES_AGGRESSIVE;
				CLANG_WARN_UNREACHABLE_CODE = YES;
				CLANG_WARN__DUPLICATE_METHOD_MATCH = YES;
				COPY_PHASE_STRIP = NO;
				DEBUG_INFORMATION_FORMAT = dwarf;
				ENABLE_STRICT_OBJC_MSGSEND = YES;
				ENABLE_TESTABILITY = YES;
				GCC_C_LANGUAGE_STANDARD = gnu11;
				GCC_DYNAMIC_NO_PIC = NO;
				GCC_NO_COMMON_BLOCKS = YES;
				GCC_OPTIMIZATION_LEVEL = 0;
				GCC_PREPROCESSOR_DEFINITIONS = (
					"DEBUG=1",
					"$(inherited)",
				);
				GCC_WARN_64_TO_32_BIT_CONVERSION = YES;
				GCC_WARN_ABOUT_RETURN_TYPE = YES_ERROR;
				GCC_WARN_UNDECLARED_SELECTOR = YES;
				GCC_WARN_UNINITIALIZED_AUTOS = YES_AGGRESSIVE;
				GCC_WARN_UNUSED_FUNCTION = YES;
				GCC_WARN_UNUSED_VARIABLE = YES;
				IPHONEOS_DEPLOYMENT_TARGET = 13.1;
				MTL_ENABLE_DEBUG_INFO = INCLUDE_SOURCE;
				MTL_FAST_MATH = YES;
				ONLY_ACTIVE_ARCH = YES;
				SDKROOT = iphoneos;
				SWIFT_ACTIVE_COMPILATION_CONDITIONS = DEBUG;
				SWIFT_OPTIMIZATION_LEVEL = "-Onone";
			};
			name = Debug;
		};
		8FE352B9239EE2360060156C /* Release */ = {
			isa = XCBuildConfiguration;
			buildSettings = {
				ALWAYS_SEARCH_USER_PATHS = NO;
				CLANG_ANALYZER_NONNULL = YES;
				CLANG_ANALYZER_NUMBER_OBJECT_CONVERSION = YES_AGGRESSIVE;
				CLANG_CXX_LANGUAGE_STANDARD = "gnu++14";
				CLANG_CXX_LIBRARY = "libc++";
				CLANG_ENABLE_MODULES = YES;
				CLANG_ENABLE_OBJC_ARC = YES;
				CLANG_ENABLE_OBJC_WEAK = YES;
				CLANG_WARN_BLOCK_CAPTURE_AUTORELEASING = YES;
				CLANG_WARN_BOOL_CONVERSION = YES;
				CLANG_WARN_COMMA = YES;
				CLANG_WARN_CONSTANT_CONVERSION = YES;
				CLANG_WARN_DEPRECATED_OBJC_IMPLEMENTATIONS = YES;
				CLANG_WARN_DIRECT_OBJC_ISA_USAGE = YES_ERROR;
				CLANG_WARN_DOCUMENTATION_COMMENTS = YES;
				CLANG_WARN_EMPTY_BODY = YES;
				CLANG_WARN_ENUM_CONVERSION = YES;
				CLANG_WARN_INFINITE_RECURSION = YES;
				CLANG_WARN_INT_CONVERSION = YES;
				CLANG_WARN_NON_LITERAL_NULL_CONVERSION = YES;
				CLANG_WARN_OBJC_IMPLICIT_RETAIN_SELF = YES;
				CLANG_WARN_OBJC_LITERAL_CONVERSION = YES;
				CLANG_WARN_OBJC_ROOT_CLASS = YES_ERROR;
				CLANG_WARN_RANGE_LOOP_ANALYSIS = YES;
				CLANG_WARN_STRICT_PROTOTYPES = YES;
				CLANG_WARN_SUSPICIOUS_MOVE = YES;
				CLANG_WARN_UNGUARDED_AVAILABILITY = YES_AGGRESSIVE;
				CLANG_WARN_UNREACHABLE_CODE = YES;
				CLANG_WARN__DUPLICATE_METHOD_MATCH = YES;
				COPY_PHASE_STRIP = NO;
				DEBUG_INFORMATION_FORMAT = "dwarf-with-dsym";
				ENABLE_NS_ASSERTIONS = NO;
				ENABLE_STRICT_OBJC_MSGSEND = YES;
				GCC_C_LANGUAGE_STANDARD = gnu11;
				GCC_NO_COMMON_BLOCKS = YES;
				GCC_WARN_64_TO_32_BIT_CONVERSION = YES;
				GCC_WARN_ABOUT_RETURN_TYPE = YES_ERROR;
				GCC_WARN_UNDECLARED_SELECTOR = YES;
				GCC_WARN_UNINITIALIZED_AUTOS = YES_AGGRESSIVE;
				GCC_WARN_UNUSED_FUNCTION = YES;
				GCC_WARN_UNUSED_VARIABLE = YES;
				IPHONEOS_DEPLOYMENT_TARGET = 13.1;
				MTL_ENABLE_DEBUG_INFO = NO;
				MTL_FAST_MATH = YES;
				SDKROOT = iphoneos;
				SWIFT_COMPILATION_MODE = wholemodule;
				SWIFT_OPTIMIZATION_LEVEL = "-O";
				VALIDATE_PRODUCT = YES;
			};
			name = Release;
		};
		8FE352BB239EE2360060156C /* Debug */ = {
			isa = XCBuildConfiguration;
			buildSettings = {
				ASSETCATALOG_COMPILER_APPICON_NAME = AppIcon;
				CODE_SIGN_STYLE = Automatic;
				DEVELOPMENT_TEAM = 86FYX28XZ6;
				INFOPLIST_FILE = Leftover/Info.plist;
				LD_RUNPATH_SEARCH_PATHS = (
					"$(inherited)",
					"@executable_path/Frameworks",
				);
				PRODUCT_BUNDLE_IDENTIFIER = ubb.com.Leftover;
				PRODUCT_NAME = "$(TARGET_NAME)";
				SWIFT_VERSION = 5.0;
				TARGETED_DEVICE_FAMILY = "1,2";
			};
			name = Debug;
		};
		8FE352BC239EE2360060156C /* Release */ = {
			isa = XCBuildConfiguration;
			buildSettings = {
				ASSETCATALOG_COMPILER_APPICON_NAME = AppIcon;
				CODE_SIGN_STYLE = Automatic;
				DEVELOPMENT_TEAM = 86FYX28XZ6;
				INFOPLIST_FILE = Leftover/Info.plist;
				LD_RUNPATH_SEARCH_PATHS = (
					"$(inherited)",
					"@executable_path/Frameworks",
				);
				PRODUCT_BUNDLE_IDENTIFIER = ubb.com.Leftover;
				PRODUCT_NAME = "$(TARGET_NAME)";
				SWIFT_VERSION = 5.0;
				TARGETED_DEVICE_FAMILY = "1,2";
			};
			name = Release;
		};
/* End XCBuildConfiguration section */

/* Begin XCConfigurationList section */
		8FE3529E239EE2340060156C /* Build configuration list for PBXProject "Leftover" */ = {
			isa = XCConfigurationList;
			buildConfigurations = (
				8FE352B8239EE2360060156C /* Debug */,
				8FE352B9239EE2360060156C /* Release */,
			);
			defaultConfigurationIsVisible = 0;
			defaultConfigurationName = Release;
		};
		8FE352BA239EE2360060156C /* Build configuration list for PBXNativeTarget "Leftover" */ = {
			isa = XCConfigurationList;
			buildConfigurations = (
				8FE352BB239EE2360060156C /* Debug */,
				8FE352BC239EE2360060156C /* Release */,
			);
			defaultConfigurationIsVisible = 0;
			defaultConfigurationName = Release;
		};
/* End XCConfigurationList section */

/* Begin XCVersionGroup section */
		8FE352AF239EE2340060156C /* Leftover.xcdatamodeld */ = {
			isa = XCVersionGroup;
			children = (
				8FE352B0239EE2340060156C /* Leftover.xcdatamodel */,
			);
			currentVersion = 8FE352B0239EE2340060156C /* Leftover.xcdatamodel */;
			path = Leftover.xcdatamodeld;
			sourceTree = "<group>";
			versionGroupType = wrapper.xcdatamodel;
		};
/* End XCVersionGroup section */
	};
	rootObject = 8FE3529B239EE2340060156C /* Project object */;
}
