
Microsoft Visual Studio Solution File, Format Version 12.00
Project("{FAE04EC0-301F-11D3-BF4B-00C04F79EFBC}") = "Lab5", "Lab5\Lab5.csproj", "{60421360-9C1D-459E-BBDA-B805B9EF3C7F}"
EndProject
Global
	GlobalSection(SolutionConfigurationPlatforms) = preSolution
		Debug|Any CPU = Debug|Any CPU
		Release|Any CPU = Release|Any CPU
	EndGlobalSection
	GlobalSection(ProjectConfigurationPlatforms) = postSolution
		{60421360-9C1D-459E-BBDA-B805B9EF3C7F}.Debug|Any CPU.ActiveCfg = Debug|Any CPU
		{60421360-9C1D-459E-BBDA-B805B9EF3C7F}.Debug|Any CPU.Build.0 = Debug|Any CPU
		{60421360-9C1D-459E-BBDA-B805B9EF3C7F}.Release|Any CPU.ActiveCfg = Release|Any CPU
		{60421360-9C1D-459E-BBDA-B805B9EF3C7F}.Release|Any CPU.Build.0 = Release|Any CPU
	EndGlobalSection
EndGlobal
