// !$*UTF8*$!
{
	archiveVersion = 1;
	classes = {
	};
	objectVersion = 50;
	objects = {

/* Begin PBXBuildFile section */
		8F15D631236783230025B513 /* AppDelegate.swift in Sources */ = {isa = PBXBuildFile; fileRef = 8F15D630236783230025B513 /* AppDelegate.swift */; };
		8F15D633236783230025B513 /* SceneDelegate.swift in Sources */ = {isa = PBXBuildFile; fileRef = 8F15D632236783230025B513 /* SceneDelegate.swift */; };
		8F15D635236783230025B513 /* ViewController.swift in Sources */ = {isa = PBXBuildFile; fileRef = 8F15D634236783230025B513 /* ViewController.swift */; };
		8F15D638236783230025B513 /* Main.storyboard in Resources */ = {isa = PBXBuildFile; fileRef = 8F15D636236783230025B513 /* Main.storyboard */; };
		8F15D63B236783230025B513 /* ShareYourMeals.xcdatamodeld in Sources */ = {isa = PBXBuildFile; fileRef = 8F15D639236783230025B513 /* ShareYourMeals.xcdatamodeld */; };
		8F15D63D236783240025B513 /* Assets.xcassets in Resources */ = {isa = PBXBuildFile; fileRef = 8F15D63C236783240025B513 /* Assets.xcassets */; };
		8F15D640236783240025B513 /* LaunchScreen.storyboard in Resources */ = {isa = PBXBuildFile; fileRef = 8F15D63E236783240025B513 /* LaunchScreen.storyboard */; };
		8F15D64B236783250025B513 /* ShareYourMealsTests.swift in Sources */ = {isa = PBXBuildFile; fileRef = 8F15D64A236783250025B513 /* ShareYourMealsTests.swift */; };
		8F15D656236786F60025B513 /* MenuListViewController.swift in Sources */ = {isa = PBXBuildFile; fileRef = 8F15D655236786F60025B513 /* MenuListViewController.swift */; };
		8F15D6582367870D0025B513 /* CRUDViewController.swift in Sources */ = {isa = PBXBuildFile; fileRef = 8F15D6572367870D0025B513 /* CRUDViewController.swift */; };
		8F15D65A23679D530025B513 /* DataManager.swift in Sources */ = {isa = PBXBuildFile; fileRef = 8F15D65923679D530025B513 /* DataManager.swift */; };
/* End PBXBuildFile section */

/* Begin PBXContainerItemProxy section */
		8F15D647236783250025B513 /* PBXContainerItemProxy */ = {
			isa = PBXContainerItemProxy;
			containerPortal = 8F15D625236783230025B513 /* Project object */;
			proxyType = 1;
			remoteGlobalIDString = 8F15D62C236783230025B513;
			remoteInfo = ShareYourMeals;
		};
/* End PBXContainerItemProxy section */

/* Begin PBXFileReference section */
		8F15D62D236783230025B513 /* ShareYourMeals.app */ = {isa = PBXFileReference; explicitFileType = wrapper.application; includeInIndex = 0; path = ShareYourMeals.app; sourceTree = BUILT_PRODUCTS_DIR; };
		8F15D630236783230025B513 /* AppDelegate.swift */ = {isa = PBXFileReference; lastKnownFileType = sourcecode.swift; path = AppDelegate.swift; sourceTree = "<group>"; };
		8F15D632236783230025B513 /* SceneDelegate.swift */ = {isa = PBXFileReference; lastKnownFileType = sourcecode.swift; path = SceneDelegate.swift; sourceTree = "<group>"; };
		8F15D634236783230025B513 /* ViewController.swift */ = {isa = PBXFileReference; lastKnownFileType = sourcecode.swift; path = ViewController.swift; sourceTree = "<group>"; };
		8F15D637236783230025B513 /* Base */ = {isa = PBXFileReference; lastKnownFileType = file.storyboard; name = Base; path = Base.lproj/Main.storyboard; sourceTree = "<group>"; };
		8F15D63A236783230025B513 /* ShareYourMeals.xcdatamodel */ = {isa = PBXFileReference; lastKnownFileType = wrapper.xcdatamodel; path = ShareYourMeals.xcdatamodel; sourceTree = "<group>"; };
		8F15D63C236783240025B513 /* Assets.xcassets */ = {isa = PBXFileReference; lastKnownFileType = folder.assetcatalog; path = Assets.xcassets; sourceTree = "<group>"; };
		8F15D63F236783240025B513 /* Base */ = {isa = PBXFileReference; lastKnownFileType = file.storyboard; name = Base; path = Base.lproj/LaunchScreen.storyboard; sourceTree = "<group>"; };
		8F15D641236783250025B513 /* Info.plist */ = {isa = PBXFileReference; lastKnownFileType = text.plist.xml; path = Info.plist; sourceTree = "<group>"; };
		8F15D646236783250025B513 /* ShareYourMealsTests.xctest */ = {isa = PBXFileReference; explicitFileType = wrapper.cfbundle; includeInIndex = 0; path = ShareYourMealsTests.xctest; sourceTree = BUILT_PRODUCTS_DIR; };
		8F15D64A236783250025B513 /* ShareYourMealsTests.swift */ = {isa = PBXFileReference; lastKnownFileType = sourcecode.swift; path = ShareYourMealsTests.swift; sourceTree = "<group>"; };
		8F15D64C236783250025B513 /* Info.plist */ = {isa = PBXFileReference; lastKnownFileType = text.plist.xml; path = Info.plist; sourceTree = "<group>"; };
		8F15D655236786F60025B513 /* MenuListViewController.swift */ = {isa = PBXFileReference; lastKnownFileType = sourcecode.swift; path = MenuListViewController.swift; sourceTree = "<group>"; };
		8F15D6572367870D0025B513 /* CRUDViewController.swift */ = {isa = PBXFileReference; lastKnownFileType = sourcecode.swift; path = CRUDViewController.swift; sourceTree = "<group>"; };
		8F15D65923679D530025B513 /* DataManager.swift */ = {isa = PBXFileReference; lastKnownFileType = sourcecode.swift; path = DataManager.swift; sourceTree = "<group>"; };
/* End PBXFileReference section */

/* Begin PBXFrameworksBuildPhase section */
		8F15D62A236783230025B513 /* Frameworks */ = {
			isa = PBXFrameworksBuildPhase;
			buildActionMask = 2147483647;
			files = (
			);
			runOnlyForDeploymentPostprocessing = 0;
		};
		8F15D643236783250025B513 /* Frameworks */ = {
			isa = PBXFrameworksBuildPhase;
			buildActionMask = 2147483647;
			files = (
			);
			runOnlyForDeploymentPostprocessing = 0;
		};
/* End PBXFrameworksBuildPhase section */

/* Begin PBXGroup section */
		8F15D624236783230025B513 = {
			isa = PBXGroup;
			children = (
				8F15D62F236783230025B513 /* ShareYourMeals */,
				8F15D649236783250025B513 /* ShareYourMealsTests */,
				8F15D62E236783230025B513 /* Products */,
			);
			sourceTree = "<group>";
		};
		8F15D62E236783230025B513 /* Products */ = {
			isa = PBXGroup;
			children = (
				8F15D62D236783230025B513 /* ShareYourMeals.app */,
				8F15D646236783250025B513 /* ShareYourMealsTests.xctest */,
			);
			name = Products;
			sourceTree = "<group>";
		};
		8F15D62F236783230025B513 /* ShareYourMeals */ = {
			isa = PBXGroup;
			children = (
				8F15D630236783230025B513 /* AppDelegate.swift */,
				8F15D632236783230025B513 /* SceneDelegate.swift */,
				8F15D634236783230025B513 /* ViewController.swift */,
				8F15D636236783230025B513 /* Main.storyboard */,
				8F15D65923679D530025B513 /* DataManager.swift */,
				8F15D63C236783240025B513 /* Assets.xcassets */,
				8F15D63E236783240025B513 /* LaunchScreen.storyboard */,
				8F15D641236783250025B513 /* Info.plist */,
				8F15D639236783230025B513 /* ShareYourMeals.xcdatamodeld */,
				8F15D655236786F60025B513 /* MenuListViewController.swift */,
				8F15D6572367870D0025B513 /* CRUDViewController.swift */,
			);
			path = ShareYourMeals;
			sourceTree = "<group>";
		};
		8F15D649236783250025B513 /* ShareYourMealsTests */ = {
			isa = PBXGroup;
			children = (
				8F15D64A236783250025B513 /* ShareYourMealsTests.swift */,
				8F15D64C236783250025B513 /* Info.plist */,
			);
			path = ShareYourMealsTests;
			sourceTree = "<group>";
		};
/* End PBXGroup section */

/* Begin PBXNativeTarget section */
		8F15D62C236783230025B513 /* ShareYourMeals */ = {
			isa = PBXNativeTarget;
			buildConfigurationList = 8F15D64F236783250025B513 /* Build configuration list for PBXNativeTarget "ShareYourMeals" */;
			buildPhases = (
				8F15D629236783230025B513 /* Sources */,
				8F15D62A236783230025B513 /* Frameworks */,
				8F15D62B236783230025B513 /* Resources */,
			);
			buildRules = (
			);
			dependencies = (
			);
			name = ShareYourMeals;
			productName = ShareYourMeals;
			productReference = 8F15D62D236783230025B513 /* ShareYourMeals.app */;
			productType = "com.apple.product-type.application";
		};
		8F15D645236783250025B513 /* ShareYourMealsTests */ = {
			isa = PBXNativeTarget;
			buildConfigurationList = 8F15D652236783250025B513 /* Build configuration list for PBXNativeTarget "ShareYourMealsTests" */;
			buildPhases = (
				8F15D642236783250025B513 /* Sources */,
				8F15D643236783250025B513 /* Frameworks */,
				8F15D644236783250025B513 /* Resources */,
			);
			buildRules = (
			);
			dependencies = (
				8F15D648236783250025B513 /* PBXTargetDependency */,
			);
			name = ShareYourMealsTests;
			productName = ShareYourMealsTests;
			productReference = 8F15D646236783250025B513 /* ShareYourMealsTests.xctest */;
			productType = "com.apple.product-type.bundle.unit-test";
		};
/* End PBXNativeTarget section */

/* Begin PBXProject section */
		8F15D625236783230025B513 /* Project object */ = {
			isa = PBXProject;
			attributes = {
				LastSwiftUpdateCheck = 1110;
				LastUpgradeCheck = 1110;
				ORGANIZATIONNAME = "Diana ";
				TargetAttributes = {
					8F15D62C236783230025B513 = {
						CreatedOnToolsVersion = 11.1;
					};
					8F15D645236783250025B513 = {
						CreatedOnToolsVersion = 11.1;
						TestTargetID = 8F15D62C236783230025B513;
					};
				};
			};
			buildConfigurationList = 8F15D628236783230025B513 /* Build configuration list for PBXProject "ShareYourMeals" */;
			compatibilityVersion = "Xcode 9.3";
			developmentRegion = en;
			hasScannedForEncodings = 0;
			knownRegions = (
				en,
				Base,
			);
			mainGroup = 8F15D624236783230025B513;
			productRefGroup = 8F15D62E236783230025B513 /* Products */;
			projectDirPath = "";
			projectRoot = "";
			targets = (
				8F15D62C236783230025B513 /* ShareYourMeals */,
				8F15D645236783250025B513 /* ShareYourMealsTests */,
			);
		};
/* End PBXProject section */

/* Begin PBXResourcesBuildPhase section */
		8F15D62B236783230025B513 /* Resources */ = {
			isa = PBXResourcesBuildPhase;
			buildActionMask = 2147483647;
			files = (
				8F15D640236783240025B513 /* LaunchScreen.storyboard in Resources */,
				8F15D63D236783240025B513 /* Assets.xcassets in Resources */,
				8F15D638236783230025B513 /* Main.storyboard in Resources */,
			);
			runOnlyForDeploymentPostprocessing = 0;
		};
		8F15D644236783250025B513 /* Resources */ = {
			isa = PBXResourcesBuildPhase;
			buildActionMask = 2147483647;
			files = (
			);
			runOnlyForDeploymentPostprocessing = 0;
		};
/* End PBXResourcesBuildPhase section */

/* Begin PBXSourcesBuildPhase section */
		8F15D629236783230025B513 /* Sources */ = {
			isa = PBXSourcesBuildPhase;
			buildActionMask = 2147483647;
			files = (
				8F15D6582367870D0025B513 /* CRUDViewController.swift in Sources */,
				8F15D635236783230025B513 /* ViewController.swift in Sources */,
				8F15D631236783230025B513 /* AppDelegate.swift in Sources */,
				8F15D65A23679D530025B513 /* DataManager.swift in Sources */,
				8F15D633236783230025B513 /* SceneDelegate.swift in Sources */,
				8F15D63B236783230025B513 /* ShareYourMeals.xcdatamodeld in Sources */,
				8F15D656236786F60025B513 /* MenuListViewController.swift in Sources */,
			);
			runOnlyForDeploymentPostprocessing = 0;
		};
		8F15D642236783250025B513 /* Sources */ = {
			isa = PBXSourcesBuildPhase;
			buildActionMask = 2147483647;
			files = (
				8F15D64B236783250025B513 /* ShareYourMealsTests.swift in Sources */,
			);
			runOnlyForDeploymentPostprocessing = 0;
		};
/* End PBXSourcesBuildPhase section */

/* Begin PBXTargetDependency section */
		8F15D648236783250025B513 /* PBXTargetDependency */ = {
			isa = PBXTargetDependency;
			target = 8F15D62C236783230025B513 /* ShareYourMeals */;
			targetProxy = 8F15D647236783250025B513 /* PBXContainerItemProxy */;
		};
/* End PBXTargetDependency section */

/* Begin PBXVariantGroup section */
		8F15D636236783230025B513 /* Main.storyboard */ = {
			isa = PBXVariantGroup;
			children = (
				8F15D637236783230025B513 /* Base */,
			);
			name = Main.storyboard;
			sourceTree = "<group>";
		};
		8F15D63E236783240025B513 /* LaunchScreen.storyboard */ = {
			isa = PBXVariantGroup;
			children = (
				8F15D63F236783240025B513 /* Base */,
			);
			name = LaunchScreen.storyboard;
			sourceTree = "<group>";
		};
/* End PBXVariantGroup section */

/* Begin XCBuildConfiguration section */
		8F15D64D236783250025B513 /* Debug */ = {
			isa = XCBuildConfiguration;
			buildSettings = {
				ALWAYS_SEARCH_USER_PATHS = NO;
				CLANG_ANALYZER_NONNULL = YES;
				CLANG_ANALYZER_NUMBER_OBJECT_CONVERSION = YES_AGGRESSIVE;
				CLANG_CXX_LANGUAGE_STANDARD = "gnu++14";
				CLANG_CXX_LIBRARY = "libc++";
				CLANG_ENABLE_MODULES = YES;
				CLANG_ENABLE_OBJC_ARC = YES;
				CLANG_ENABLE_OBJC_WEAK = YES;
				CLANG_WARN_BLOCK_CAPTURE_AUTORELEASING = YES;
				CLANG_WARN_BOOL_CONVERSION = YES;
				CLANG_WARN_COMMA = YES;
				CLANG_WARN_CONSTANT_CONVERSION = YES;
				CLANG_WARN_DEPRECATED_OBJC_IMPLEMENTATIONS = YES;
				CLANG_WARN_DIRECT_OBJC_ISA_USAGE = YES_ERROR;
				CLANG_WARN_DOCUMENTATION_COMMENTS = YES;
				CLANG_WARN_EMPTY_BODY = YES;
				CLANG_WARN_ENUM_CONVERSION = YES;
				CLANG_WARN_INFINITE_RECURSION = YES;
				CLANG_WARN_INT_CONVERSION = YES;
				CLANG_WARN_NON_LITERAL_NULL_CONVERSION = YES;
				CLANG_WARN_OBJC_IMPLICIT_RETAIN_SELF = YES;
				CLANG_WARN_OBJC_LITERAL_CONVERSION = YES;
				CLANG_WARN_OBJC_ROOT_CLASS = YES_ERROR;
				CLANG_WARN_RANGE_LOOP_ANALYSIS = YES;
				CLANG_WARN_STRICT_PROTOTYPES = YES;
				CLANG_WARN_SUSPICIOUS_MOVE = YES;
				CLANG_WARN_UNGUARDED_AVAILABILITY = YES_AGGRESSIVE;
				CLANG_WARN_UNREACHABLE_CODE = YES;
				CLANG_WARN__DUPLICATE_METHOD_MATCH = YES;
				COPY_PHASE_STRIP = NO;
				DEBUG_INFORMATION_FORMAT = dwarf;
				ENABLE_STRICT_OBJC_MSGSEND = YES;
				ENABLE_TESTABILITY = YES;
				GCC_C_LANGUAGE_STANDARD = gnu11;
				GCC_DYNAMIC_NO_PIC = NO;
				GCC_NO_COMMON_BLOCKS = YES;
				GCC_OPTIMIZATION_LEVEL = 0;
				GCC_PREPROCESSOR_DEFINITIONS = (
					"DEBUG=1",
					"$(inherited)",
				);
				GCC_WARN_64_TO_32_BIT_CONVERSION = YES;
				GCC_WARN_ABOUT_RETURN_TYPE = YES_ERROR;
				GCC_WARN_UNDECLARED_SELECTOR = YES;
				GCC_WARN_UNINITIALIZED_AUTOS = YES_AGGRESSIVE;
				GCC_WARN_UNUSED_FUNCTION = YES;
				GCC_WARN_UNUSED_VARIABLE = YES;
				IPHONEOS_DEPLOYMENT_TARGET = 13.1;
				MTL_ENABLE_DEBUG_INFO = INCLUDE_SOURCE;
				MTL_FAST_MATH = YES;
				ONLY_ACTIVE_ARCH = YES;
				SDKROOT = iphoneos;
				SWIFT_ACTIVE_COMPILATION_CONDITIONS = DEBUG;
				SWIFT_OPTIMIZATION_LEVEL = "-Onone";
			};
			name = Debug;
		};
		8F15D64E236783250025B513 /* Release */ = {
			isa = XCBuildConfiguration;
			buildSettings = {
				ALWAYS_SEARCH_USER_PATHS = NO;
				CLANG_ANALYZER_NONNULL = YES;
				CLANG_ANALYZER_NUMBER_OBJECT_CONVERSION = YES_AGGRESSIVE;
				CLANG_CXX_LANGUAGE_STANDARD = "gnu++14";
				CLANG_CXX_LIBRARY = "libc++";
				CLANG_ENABLE_MODULES = YES;
				CLANG_ENABLE_OBJC_ARC = YES;
				CLANG_ENABLE_OBJC_WEAK = YES;
				CLANG_WARN_BLOCK_CAPTURE_AUTORELEASING = YES;
				CLANG_WARN_BOOL_CONVERSION = YES;
				CLANG_WARN_COMMA = YES;
				CLANG_WARN_CONSTANT_CONVERSION = YES;
				CLANG_WARN_DEPRECATED_OBJC_IMPLEMENTATIONS = YES;
				CLANG_WARN_DIRECT_OBJC_ISA_USAGE = YES_ERROR;
				CLANG_WARN_DOCUMENTATION_COMMENTS = YES;
				CLANG_WARN_EMPTY_BODY = YES;
				CLANG_WARN_ENUM_CONVERSION = YES;
				CLANG_WARN_INFINITE_RECURSION = YES;
				CLANG_WARN_INT_CONVERSION = YES;
				CLANG_WARN_NON_LITERAL_NULL_CONVERSION = YES;
				CLANG_WARN_OBJC_IMPLICIT_RETAIN_SELF = YES;
				CLANG_WARN_OBJC_LITERAL_CONVERSION = YES;
				CLANG_WARN_OBJC_ROOT_CLASS = YES_ERROR;
				CLANG_WARN_RANGE_LOOP_ANALYSIS = YES;
				CLANG_WARN_STRICT_PROTOTYPES = YES;
				CLANG_WARN_SUSPICIOUS_MOVE = YES;
				CLANG_WARN_UNGUARDED_AVAILABILITY = YES_AGGRESSIVE;
				CLANG_WARN_UNREACHABLE_CODE = YES;
				CLANG_WARN__DUPLICATE_METHOD_MATCH = YES;
				COPY_PHASE_STRIP = NO;
				DEBUG_INFORMATION_FORMAT = "dwarf-with-dsym";
				ENABLE_NS_ASSERTIONS = NO;
				ENABLE_STRICT_OBJC_MSGSEND = YES;
				GCC_C_LANGUAGE_STANDARD = gnu11;
				GCC_NO_COMMON_BLOCKS = YES;
				GCC_WARN_64_TO_32_BIT_CONVERSION = YES;
				GCC_WARN_ABOUT_RETURN_TYPE = YES_ERROR;
				GCC_WARN_UNDECLARED_SELECTOR = YES;
				GCC_WARN_UNINITIALIZED_AUTOS = YES_AGGRESSIVE;
				GCC_WARN_UNUSED_FUNCTION = YES;
				GCC_WARN_UNUSED_VARIABLE = YES;
				IPHONEOS_DEPLOYMENT_TARGET = 13.1;
				MTL_ENABLE_DEBUG_INFO = NO;
				MTL_FAST_MATH = YES;
				SDKROOT = iphoneos;
				SWIFT_COMPILATION_MODE = wholemodule;
				SWIFT_OPTIMIZATION_LEVEL = "-O";
				VALIDATE_PRODUCT = YES;
			};
			name = Release;
		};
		8F15D650236783250025B513 /* Debug */ = {
			isa = XCBuildConfiguration;
			buildSettings = {
				ASSETCATALOG_COMPILER_APPICON_NAME = AppIcon;
				CODE_SIGN_STYLE = Automatic;
				DEVELOPMENT_TEAM = 86FYX28XZ6;
				INFOPLIST_FILE = ShareYourMeals/Info.plist;
				LD_RUNPATH_SEARCH_PATHS = (
					"$(inherited)",
					"@executable_path/Frameworks",
				);
				PRODUCT_BUNDLE_IDENTIFIER = ubb.ShareYourMeals;
				PRODUCT_NAME = "$(TARGET_NAME)";
				SWIFT_VERSION = 5.0;
				TARGETED_DEVICE_FAMILY = "1,2";
			};
			name = Debug;
		};
		8F15D651236783250025B513 /* Release */ = {
			isa = XCBuildConfiguration;
			buildSettings = {
				ASSETCATALOG_COMPILER_APPICON_NAME = AppIcon;
				CODE_SIGN_STYLE = Automatic;
				DEVELOPMENT_TEAM = 86FYX28XZ6;
				INFOPLIST_FILE = ShareYourMeals/Info.plist;
				LD_RUNPATH_SEARCH_PATHS = (
					"$(inherited)",
					"@executable_path/Frameworks",
				);
				PRODUCT_BUNDLE_IDENTIFIER = ubb.ShareYourMeals;
				PRODUCT_NAME = "$(TARGET_NAME)";
				SWIFT_VERSION = 5.0;
				TARGETED_DEVICE_FAMILY = "1,2";
			};
			name = Release;
		};
		8F15D653236783250025B513 /* Debug */ = {
			isa = XCBuildConfiguration;
			buildSettings = {
				ALWAYS_EMBED_SWIFT_STANDARD_LIBRARIES = YES;
				BUNDLE_LOADER = "$(TEST_HOST)";
				CODE_SIGN_STYLE = Automatic;
				DEVELOPMENT_TEAM = 86FYX28XZ6;
				INFOPLIST_FILE = ShareYourMealsTests/Info.plist;
				IPHONEOS_DEPLOYMENT_TARGET = 13.1;
				LD_RUNPATH_SEARCH_PATHS = (
					"$(inherited)",
					"@executable_path/Frameworks",
					"@loader_path/Frameworks",
				);
				PRODUCT_BUNDLE_IDENTIFIER = ubb.ShareYourMealsTests;
				PRODUCT_NAME = "$(TARGET_NAME)";
				SWIFT_VERSION = 5.0;
				TARGETED_DEVICE_FAMILY = "1,2";
				TEST_HOST = "$(BUILT_PRODUCTS_DIR)/ShareYourMeals.app/ShareYourMeals";
			};
			name = Debug;
		};
		8F15D654236783250025B513 /* Release */ = {
			isa = XCBuildConfiguration;
			buildSettings = {
				ALWAYS_EMBED_SWIFT_STANDARD_LIBRARIES = YES;
				BUNDLE_LOADER = "$(TEST_HOST)";
				CODE_SIGN_STYLE = Automatic;
				DEVELOPMENT_TEAM = 86FYX28XZ6;
				INFOPLIST_FILE = ShareYourMealsTests/Info.plist;
				IPHONEOS_DEPLOYMENT_TARGET = 13.1;
				LD_RUNPATH_SEARCH_PATHS = (
					"$(inherited)",
					"@executable_path/Frameworks",
					"@loader_path/Frameworks",
				);
				PRODUCT_BUNDLE_IDENTIFIER = ubb.ShareYourMealsTests;
				PRODUCT_NAME = "$(TARGET_NAME)";
				SWIFT_VERSION = 5.0;
				TARGETED_DEVICE_FAMILY = "1,2";
				TEST_HOST = "$(BUILT_PRODUCTS_DIR)/ShareYourMeals.app/ShareYourMeals";
			};
			name = Release;
		};
/* End XCBuildConfiguration section */

/* Begin XCConfigurationList section */
		8F15D628236783230025B513 /* Build configuration list for PBXProject "ShareYourMeals" */ = {
			isa = XCConfigurationList;
			buildConfigurations = (
				8F15D64D236783250025B513 /* Debug */,
				8F15D64E236783250025B513 /* Release */,
			);
			defaultConfigurationIsVisible = 0;
			defaultConfigurationName = Release;
		};
		8F15D64F236783250025B513 /* Build configuration list for PBXNativeTarget "ShareYourMeals" */ = {
			isa = XCConfigurationList;
			buildConfigurations = (
				8F15D650236783250025B513 /* Debug */,
				8F15D651236783250025B513 /* Release */,
			);
			defaultConfigurationIsVisible = 0;
			defaultConfigurationName = Release;
		};
		8F15D652236783250025B513 /* Build configuration list for PBXNativeTarget "ShareYourMealsTests" */ = {
			isa = XCConfigurationList;
			buildConfigurations = (
				8F15D653236783250025B513 /* Debug */,
				8F15D654236783250025B513 /* Release */,
			);
			defaultConfigurationIsVisible = 0;
			defaultConfigurationName = Release;
		};
/* End XCConfigurationList section */

/* Begin XCVersionGroup section */
		8F15D639236783230025B513 /* ShareYourMeals.xcdatamodeld */ = {
			isa = XCVersionGroup;
			children = (
				8F15D63A236783230025B513 /* ShareYourMeals.xcdatamodel */,
			);
			currentVersion = 8F15D63A236783230025B513 /* ShareYourMeals.xcdatamodel */;
			path = ShareYourMeals.xcdatamodeld;
			sourceTree = "<group>";
			versionGroupType = wrapper.xcdatamodel;
		};
/* End XCVersionGroup section */
	};
	rootObject = 8F15D625236783230025B513 /* Project object */;
}
